{
  "requires": true,
  "lockfileVersion": 1,
  "dependencies": {
    "mongoid-js": {
      "version": "1.1.0",
      "resolved": "https://registry.npmjs.org/mongoid-js/-/mongoid-js-1.1.0.tgz",
      "integrity": "sha1-XG9Sjiaub8hv079JcYUSKgXzzFU="
    },
    "qinvoke": {
      "version": "0.11.1",
      "resolved": "https://registry.npmjs.org/qinvoke/-/qinvoke-0.11.1.tgz",
      "integrity": "sha1-Pc27e0D6O7R52v9NMzHN3wGFoWc="
    },
    "qrpc": {
      "version": "1.1.6",
      "resolved": "https://registry.npmjs.org/qrpc/-/qrpc-1.1.6.tgz",
      "integrity": "sha1-uN0g5b156+puZ9YnGPB0xf26LvY=",
      "requires": {
        "mongoid-js": "1.1.0",
        "qinvoke": "0.11.1"
      }
    },
    "readline-sync": {
      "version": "1.4.9",
      "resolved": "https://registry.npmjs.org/readline-sync/-/readline-sync-1.4.9.tgz",
      "integrity": "sha1-PtqOZfI80qF+YTAbHwADOWr17No="
    }
  }
}
